{
    "name": "karalis",
    "version": "1.0.0",
    "lockfileVersion": 2,
    "requires": true,
    "packages": {
        "": {
            "name": "karalis",
            "version": "1.0.0",
            "license": "GNU",
            "bin": {
                "karalis": "bin/main.js"
            }
        }
    }
}
